
Microsoft Visual Studio Solution File, Format Version 12.00
# Visual Studio Version 16
VisualStudioVersion = 16.0.29613.14
MinimumVisualStudioVersion = 10.0.40219.1
Project("{FAE04EC0-301F-11D3-BF4B-00C04F79EFBC}") = "КР", "КР\КР.csproj", "{4AC7DFA1-EA3A-48B5-A725-F7C1B51C5116}"
EndProject
Global
	GlobalSection(SolutionConfigurationPlatforms) = preSolution
		Debug|Any CPU = Debug|Any CPU
		Release|Any CPU = Release|Any CPU
	EndGlobalSection
	GlobalSection(ProjectConfigurationPlatforms) = postSolution
		{4AC7DFA1-EA3A-48B5-A725-F7C1B51C5116}.Debug|Any CPU.ActiveCfg = Debug|Any CPU
		{4AC7DFA1-EA3A-48B5-A725-F7C1B51C5116}.Debug|Any CPU.Build.0 = Debug|Any CPU
		{4AC7DFA1-EA3A-48B5-A725-F7C1B51C5116}.Release|Any CPU.ActiveCfg = Release|Any CPU
		{4AC7DFA1-EA3A-48B5-A725-F7C1B51C5116}.Release|Any CPU.Build.0 = Release|Any CPU
	EndGlobalSection
	GlobalSection(SolutionProperties) = preSolution
		HideSolutionNode = FALSE
	EndGlobalSection
	GlobalSection(ExtensibilityGlobals) = postSolution
		SolutionGuid = {E4331713-5CD8-4DC0-994E-AA1AB1B9147F}
	EndGlobalSection
EndGlobal
